
Microsoft Visual Studio Solution File, Format Version 12.00
# Visual Studio Version 17
VisualStudioVersion = 17.13.35818.85 d17.13
MinimumVisualStudioVersion = 10.0.40219.1
Project("{FAE04EC0-301F-11D3-BF4B-00C04F79EFBC}") = "modul5_103022300034", "modul5_103022300034.csproj", "{D7794405-B5F8-4D0A-96F1-AD0428198615}"
EndProject
Global
	GlobalSection(SolutionConfigurationPlatforms) = preSolution
		Debug|Any CPU = Debug|Any CPU
		Release|Any CPU = Release|Any CPU
	EndGlobalSection
	GlobalSection(ProjectConfigurationPlatforms) = postSolution
		{D7794405-B5F8-4D0A-96F1-AD0428198615}.Debug|Any CPU.ActiveCfg = Debug|Any CPU
		{D7794405-B5F8-4D0A-96F1-AD0428198615}.Debug|Any CPU.Build.0 = Debug|Any CPU
		{D7794405-B5F8-4D0A-96F1-AD0428198615}.Release|Any CPU.ActiveCfg = Release|Any CPU
		{D7794405-B5F8-4D0A-96F1-AD0428198615}.Release|Any CPU.Build.0 = Release|Any CPU
	EndGlobalSection
	GlobalSection(SolutionProperties) = preSolution
		HideSolutionNode = FALSE
	EndGlobalSection
	GlobalSection(ExtensibilityGlobals) = postSolution
		SolutionGuid = {5060E18A-E9AE-4301-BBDF-0E43F5445CDA}
	EndGlobalSection
EndGlobal
